golang.org/x/exp v0.0.0-20220827204233-334a2380cb91 h1:tnebWN09GYg9OLPss1KXj8txwZc6X6uMr6VFdcGNbHw=
golang.org/x/exp v0.0.0-20220827204233-334a2380cb91/go.mod h1:cyybsKvd6eL0RnXn6p/Grxp8F5bW7iYuBgsNCOHpMYE=
golang.org/x/tools v0.1.12 h1:VveCTK38A2rkS8ZqFY25HIDFscX5X9OoEhJd3quQmXU=
golang.org/x/tools v0.1.12/go.mod h1:hNGJHUnrk76NpqgfD5Aqm5Crs+Hm0VOH/i9J2+nxYbc=
